// !$*UTF8*$!
{
	archiveVersion = 1;
	classes = {
	};
	objectVersion = 55;
	objects = {

/* Begin PBXBuildFile section */
		F5633D3929226B6D00993DFF /* AppDelegate.swift in Sources */ = {isa = PBXBuildFile; fileRef = F5633D3829226B6D00993DFF /* AppDelegate.swift */; };
		F5633D3B29226B6D00993DFF /* SceneDelegate.swift in Sources */ = {isa = PBXBuildFile; fileRef = F5633D3A29226B6D00993DFF /* SceneDelegate.swift */; };
		F5633D3D29226B6D00993DFF /* ViewController.swift in Sources */ = {isa = PBXBuildFile; fileRef = F5633D3C29226B6D00993DFF /* ViewController.swift */; };
		F5633D4029226B6D00993DFF /* Main.storyboard in Resources */ = {isa = PBXBuildFile; fileRef = F5633D3E29226B6D00993DFF /* Main.storyboard */; };
		F5633D4229226B6F00993DFF /* Assets.xcassets in Resources */ = {isa = PBXBuildFile; fileRef = F5633D4129226B6F00993DFF /* Assets.xcassets */; };
		F5633D4529226B6F00993DFF /* LaunchScreen.storyboard in Resources */ = {isa = PBXBuildFile; fileRef = F5633D4329226B6F00993DFF /* LaunchScreen.storyboard */; };
		F5633D5029226B6F00993DFF /* TDD_SwiftTests.swift in Sources */ = {isa = PBXBuildFile; fileRef = F5633D4F29226B6F00993DFF /* TDD_SwiftTests.swift */; };
		F5633D5A29226B6F00993DFF /* TDD_SwiftUITests.swift in Sources */ = {isa = PBXBuildFile; fileRef = F5633D5929226B6F00993DFF /* TDD_SwiftUITests.swift */; };
		F5633D5C29226B6F00993DFF /* TDD_SwiftUITestsLaunchTests.swift in Sources */ = {isa = PBXBuildFile; fileRef = F5633D5B29226B6F00993DFF /* TDD_SwiftUITestsLaunchTests.swift */; };
		F5633D6A29226E9F00993DFF /* Lance.swift in Sources */ = {isa = PBXBuildFile; fileRef = F5633D6929226E9F00993DFF /* Lance.swift */; };
		F5633D6C29226EC400993DFF /* Usuario.swift in Sources */ = {isa = PBXBuildFile; fileRef = F5633D6B29226EC400993DFF /* Usuario.swift */; };
		F5633D6E29226F6D00993DFF /* Leilao.swift in Sources */ = {isa = PBXBuildFile; fileRef = F5633D6D29226F6D00993DFF /* Leilao.swift */; };
		F5633D702922702D00993DFF /* Avaliador.swift in Sources */ = {isa = PBXBuildFile; fileRef = F5633D6F2922702D00993DFF /* Avaliador.swift */; };
		F5633D722922784600993DFF /* AvaliadorTests.swift in Sources */ = {isa = PBXBuildFile; fileRef = F5633D712922784600993DFF /* AvaliadorTests.swift */; };
		F5633D752922A7F100993DFF /* CriadorDeLeilao.swift in Sources */ = {isa = PBXBuildFile; fileRef = F5633D742922A7F100993DFF /* CriadorDeLeilao.swift */; };
/* End PBXBuildFile section */

/* Begin PBXContainerItemProxy section */
		F5633D4C29226B6F00993DFF /* PBXContainerItemProxy */ = {
			isa = PBXContainerItemProxy;
			containerPortal = F5633D2D29226B6D00993DFF /* Project object */;
			proxyType = 1;
			remoteGlobalIDString = F5633D3429226B6D00993DFF;
			remoteInfo = "TDD-Swift";
		};
		F5633D5629226B6F00993DFF /* PBXContainerItemProxy */ = {
			isa = PBXContainerItemProxy;
			containerPortal = F5633D2D29226B6D00993DFF /* Project object */;
			proxyType = 1;
			remoteGlobalIDString = F5633D3429226B6D00993DFF;
			remoteInfo = "TDD-Swift";
		};
/* End PBXContainerItemProxy section */

/* Begin PBXFileReference section */
		F5633D3529226B6D00993DFF /* TDD-Swift.app */ = {isa = PBXFileReference; explicitFileType = wrapper.application; includeInIndex = 0; path = "TDD-Swift.app"; sourceTree = BUILT_PRODUCTS_DIR; };
		F5633D3829226B6D00993DFF /* AppDelegate.swift */ = {isa = PBXFileReference; lastKnownFileType = sourcecode.swift; path = AppDelegate.swift; sourceTree = "<group>"; };
		F5633D3A29226B6D00993DFF /* SceneDelegate.swift */ = {isa = PBXFileReference; lastKnownFileType = sourcecode.swift; path = SceneDelegate.swift; sourceTree = "<group>"; };
		F5633D3C29226B6D00993DFF /* ViewController.swift */ = {isa = PBXFileReference; lastKnownFileType = sourcecode.swift; path = ViewController.swift; sourceTree = "<group>"; };
		F5633D3F29226B6D00993DFF /* Base */ = {isa = PBXFileReference; lastKnownFileType = file.storyboard; name = Base; path = Base.lproj/Main.storyboard; sourceTree = "<group>"; };
		F5633D4129226B6F00993DFF /* Assets.xcassets */ = {isa = PBXFileReference; lastKnownFileType = folder.assetcatalog; path = Assets.xcassets; sourceTree = "<group>"; };
		F5633D4429226B6F00993DFF /* Base */ = {isa = PBXFileReference; lastKnownFileType = file.storyboard; name = Base; path = Base.lproj/LaunchScreen.storyboard; sourceTree = "<group>"; };
		F5633D4629226B6F00993DFF /* Info.plist */ = {isa = PBXFileReference; lastKnownFileType = text.plist.xml; path = Info.plist; sourceTree = "<group>"; };
		F5633D4B29226B6F00993DFF /* TDD-SwiftTests.xctest */ = {isa = PBXFileReference; explicitFileType = wrapper.cfbundle; includeInIndex = 0; path = "TDD-SwiftTests.xctest"; sourceTree = BUILT_PRODUCTS_DIR; };
		F5633D4F29226B6F00993DFF /* TDD_SwiftTests.swift */ = {isa = PBXFileReference; lastKnownFileType = sourcecode.swift; path = TDD_SwiftTests.swift; sourceTree = "<group>"; };
		F5633D5529226B6F00993DFF /* TDD-SwiftUITests.xctest */ = {isa = PBXFileReference; explicitFileType = wrapper.cfbundle; includeInIndex = 0; path = "TDD-SwiftUITests.xctest"; sourceTree = BUILT_PRODUCTS_DIR; };
		F5633D5929226B6F00993DFF /* TDD_SwiftUITests.swift */ = {isa = PBXFileReference; lastKnownFileType = sourcecode.swift; path = TDD_SwiftUITests.swift; sourceTree = "<group>"; };
		F5633D5B29226B6F00993DFF /* TDD_SwiftUITestsLaunchTests.swift */ = {isa = PBXFileReference; lastKnownFileType = sourcecode.swift; path = TDD_SwiftUITestsLaunchTests.swift; sourceTree = "<group>"; };
		F5633D6929226E9F00993DFF /* Lance.swift */ = {isa = PBXFileReference; lastKnownFileType = sourcecode.swift; path = Lance.swift; sourceTree = "<group>"; };
		F5633D6B29226EC400993DFF /* Usuario.swift */ = {isa = PBXFileReference; lastKnownFileType = sourcecode.swift; path = Usuario.swift; sourceTree = "<group>"; };
		F5633D6D29226F6D00993DFF /* Leilao.swift */ = {isa = PBXFileReference; lastKnownFileType = sourcecode.swift; path = Leilao.swift; sourceTree = "<group>"; };
		F5633D6F2922702D00993DFF /* Avaliador.swift */ = {isa = PBXFileReference; lastKnownFileType = sourcecode.swift; path = Avaliador.swift; sourceTree = "<group>"; };
		F5633D712922784600993DFF /* AvaliadorTests.swift */ = {isa = PBXFileReference; lastKnownFileType = sourcecode.swift; path = AvaliadorTests.swift; sourceTree = "<group>"; };
		F5633D742922A7F100993DFF /* CriadorDeLeilao.swift */ = {isa = PBXFileReference; lastKnownFileType = sourcecode.swift; path = CriadorDeLeilao.swift; sourceTree = "<group>"; };
/* End PBXFileReference section */

/* Begin PBXFrameworksBuildPhase section */
		F5633D3229226B6D00993DFF /* Frameworks */ = {
			isa = PBXFrameworksBuildPhase;
			buildActionMask = 2147483647;
			files = (
			);
			runOnlyForDeploymentPostprocessing = 0;
		};
		F5633D4829226B6F00993DFF /* Frameworks */ = {
			isa = PBXFrameworksBuildPhase;
			buildActionMask = 2147483647;
			files = (
			);
			runOnlyForDeploymentPostprocessing = 0;
		};
		F5633D5229226B6F00993DFF /* Frameworks */ = {
			isa = PBXFrameworksBuildPhase;
			buildActionMask = 2147483647;
			files = (
			);
			runOnlyForDeploymentPostprocessing = 0;
		};
/* End PBXFrameworksBuildPhase section */

/* Begin PBXGroup section */
		F5633D2C29226B6D00993DFF = {
			isa = PBXGroup;
			children = (
				F5633D3729226B6D00993DFF /* TDD-Swift */,
				F5633D4E29226B6F00993DFF /* TDD-SwiftTests */,
				F5633D5829226B6F00993DFF /* TDD-SwiftUITests */,
				F5633D3629226B6D00993DFF /* Products */,
			);
			sourceTree = "<group>";
		};
		F5633D3629226B6D00993DFF /* Products */ = {
			isa = PBXGroup;
			children = (
				F5633D3529226B6D00993DFF /* TDD-Swift.app */,
				F5633D4B29226B6F00993DFF /* TDD-SwiftTests.xctest */,
				F5633D5529226B6F00993DFF /* TDD-SwiftUITests.xctest */,
			);
			name = Products;
			sourceTree = "<group>";
		};
		F5633D3729226B6D00993DFF /* TDD-Swift */ = {
			isa = PBXGroup;
			children = (
				F5633D6829226E8800993DFF /* Models */,
				F5633D3829226B6D00993DFF /* AppDelegate.swift */,
				F5633D3A29226B6D00993DFF /* SceneDelegate.swift */,
				F5633D3C29226B6D00993DFF /* ViewController.swift */,
				F5633D3E29226B6D00993DFF /* Main.storyboard */,
				F5633D4129226B6F00993DFF /* Assets.xcassets */,
				F5633D4329226B6F00993DFF /* LaunchScreen.storyboard */,
				F5633D4629226B6F00993DFF /* Info.plist */,
			);
			path = "TDD-Swift";
			sourceTree = "<group>";
		};
		F5633D4E29226B6F00993DFF /* TDD-SwiftTests */ = {
			isa = PBXGroup;
			children = (
				F5633D4F29226B6F00993DFF /* TDD_SwiftTests.swift */,
				F5633D712922784600993DFF /* AvaliadorTests.swift */,
			);
			path = "TDD-SwiftTests";
			sourceTree = "<group>";
		};
		F5633D5829226B6F00993DFF /* TDD-SwiftUITests */ = {
			isa = PBXGroup;
			children = (
				F5633D5929226B6F00993DFF /* TDD_SwiftUITests.swift */,
				F5633D5B29226B6F00993DFF /* TDD_SwiftUITestsLaunchTests.swift */,
			);
			path = "TDD-SwiftUITests";
			sourceTree = "<group>";
		};
		F5633D6829226E8800993DFF /* Models */ = {
			isa = PBXGroup;
			children = (
				F5633D732922A7BF00993DFF /* DataBuilder */,
				F5633D6929226E9F00993DFF /* Lance.swift */,
				F5633D6B29226EC400993DFF /* Usuario.swift */,
				F5633D6D29226F6D00993DFF /* Leilao.swift */,
				F5633D6F2922702D00993DFF /* Avaliador.swift */,
			);
			path = Models;
			sourceTree = "<group>";
		};
		F5633D732922A7BF00993DFF /* DataBuilder */ = {
			isa = PBXGroup;
			children = (
				F5633D742922A7F100993DFF /* CriadorDeLeilao.swift */,
			);
			path = DataBuilder;
			sourceTree = "<group>";
		};
/* End PBXGroup section */

/* Begin PBXNativeTarget section */
		F5633D3429226B6D00993DFF /* TDD-Swift */ = {
			isa = PBXNativeTarget;
			buildConfigurationList = F5633D5F29226B6F00993DFF /* Build configuration list for PBXNativeTarget "TDD-Swift" */;
			buildPhases = (
				F5633D3129226B6D00993DFF /* Sources */,
				F5633D3229226B6D00993DFF /* Frameworks */,
				F5633D3329226B6D00993DFF /* Resources */,
			);
			buildRules = (
			);
			dependencies = (
			);
			name = "TDD-Swift";
			productName = "TDD-Swift";
			productReference = F5633D3529226B6D00993DFF /* TDD-Swift.app */;
			productType = "com.apple.product-type.application";
		};
		F5633D4A29226B6F00993DFF /* TDD-SwiftTests */ = {
			isa = PBXNativeTarget;
			buildConfigurationList = F5633D6229226B6F00993DFF /* Build configuration list for PBXNativeTarget "TDD-SwiftTests" */;
			buildPhases = (
				F5633D4729226B6F00993DFF /* Sources */,
				F5633D4829226B6F00993DFF /* Frameworks */,
				F5633D4929226B6F00993DFF /* Resources */,
			);
			buildRules = (
			);
			dependencies = (
				F5633D4D29226B6F00993DFF /* PBXTargetDependency */,
			);
			name = "TDD-SwiftTests";
			productName = "TDD-SwiftTests";
			productReference = F5633D4B29226B6F00993DFF /* TDD-SwiftTests.xctest */;
			productType = "com.apple.product-type.bundle.unit-test";
		};
		F5633D5429226B6F00993DFF /* TDD-SwiftUITests */ = {
			isa = PBXNativeTarget;
			buildConfigurationList = F5633D6529226B6F00993DFF /* Build configuration list for PBXNativeTarget "TDD-SwiftUITests" */;
			buildPhases = (
				F5633D5129226B6F00993DFF /* Sources */,
				F5633D5229226B6F00993DFF /* Frameworks */,
				F5633D5329226B6F00993DFF /* Resources */,
			);
			buildRules = (
			);
			dependencies = (
				F5633D5729226B6F00993DFF /* PBXTargetDependency */,
			);
			name = "TDD-SwiftUITests";
			productName = "TDD-SwiftUITests";
			productReference = F5633D5529226B6F00993DFF /* TDD-SwiftUITests.xctest */;
			productType = "com.apple.product-type.bundle.ui-testing";
		};
/* End PBXNativeTarget section */

/* Begin PBXProject section */
		F5633D2D29226B6D00993DFF /* Project object */ = {
			isa = PBXProject;
			attributes = {
				BuildIndependentTargetsInParallel = 1;
				LastSwiftUpdateCheck = 1320;
				LastUpgradeCheck = 1320;
				TargetAttributes = {
					F5633D3429226B6D00993DFF = {
						CreatedOnToolsVersion = 13.2.1;
					};
					F5633D4A29226B6F00993DFF = {
						CreatedOnToolsVersion = 13.2.1;
						TestTargetID = F5633D3429226B6D00993DFF;
					};
					F5633D5429226B6F00993DFF = {
						CreatedOnToolsVersion = 13.2.1;
						TestTargetID = F5633D3429226B6D00993DFF;
					};
				};
			};
			buildConfigurationList = F5633D3029226B6D00993DFF /* Build configuration list for PBXProject "TDD-Swift" */;
			compatibilityVersion = "Xcode 13.0";
			developmentRegion = en;
			hasScannedForEncodings = 0;
			knownRegions = (
				en,
				Base,
			);
			mainGroup = F5633D2C29226B6D00993DFF;
			productRefGroup = F5633D3629226B6D00993DFF /* Products */;
			projectDirPath = "";
			projectRoot = "";
			targets = (
				F5633D3429226B6D00993DFF /* TDD-Swift */,
				F5633D4A29226B6F00993DFF /* TDD-SwiftTests */,
				F5633D5429226B6F00993DFF /* TDD-SwiftUITests */,
			);
		};
/* End PBXProject section */

/* Begin PBXResourcesBuildPhase section */
		F5633D3329226B6D00993DFF /* Resources */ = {
			isa = PBXResourcesBuildPhase;
			buildActionMask = 2147483647;
			files = (
				F5633D4529226B6F00993DFF /* LaunchScreen.storyboard in Resources */,
				F5633D4229226B6F00993DFF /* Assets.xcassets in Resources */,
				F5633D4029226B6D00993DFF /* Main.storyboard in Resources */,
			);
			runOnlyForDeploymentPostprocessing = 0;
		};
		F5633D4929226B6F00993DFF /* Resources */ = {
			isa = PBXResourcesBuildPhase;
			buildActionMask = 2147483647;
			files = (
			);
			runOnlyForDeploymentPostprocessing = 0;
		};
		F5633D5329226B6F00993DFF /* Resources */ = {
			isa = PBXResourcesBuildPhase;
			buildActionMask = 2147483647;
			files = (
			);
			runOnlyForDeploymentPostprocessing = 0;
		};
/* End PBXResourcesBuildPhase section */

/* Begin PBXSourcesBuildPhase section */
		F5633D3129226B6D00993DFF /* Sources */ = {
			isa = PBXSourcesBuildPhase;
			buildActionMask = 2147483647;
			files = (
				F5633D3D29226B6D00993DFF /* ViewController.swift in Sources */,
				F5633D6A29226E9F00993DFF /* Lance.swift in Sources */,
				F5633D3929226B6D00993DFF /* AppDelegate.swift in Sources */,
				F5633D752922A7F100993DFF /* CriadorDeLeilao.swift in Sources */,
				F5633D6C29226EC400993DFF /* Usuario.swift in Sources */,
				F5633D3B29226B6D00993DFF /* SceneDelegate.swift in Sources */,
				F5633D702922702D00993DFF /* Avaliador.swift in Sources */,
				F5633D6E29226F6D00993DFF /* Leilao.swift in Sources */,
			);
			runOnlyForDeploymentPostprocessing = 0;
		};
		F5633D4729226B6F00993DFF /* Sources */ = {
			isa = PBXSourcesBuildPhase;
			buildActionMask = 2147483647;
			files = (
				F5633D5029226B6F00993DFF /* TDD_SwiftTests.swift in Sources */,
				F5633D722922784600993DFF /* AvaliadorTests.swift in Sources */,
			);
			runOnlyForDeploymentPostprocessing = 0;
		};
		F5633D5129226B6F00993DFF /* Sources */ = {
			isa = PBXSourcesBuildPhase;
			buildActionMask = 2147483647;
			files = (
				F5633D5A29226B6F00993DFF /* TDD_SwiftUITests.swift in Sources */,
				F5633D5C29226B6F00993DFF /* TDD_SwiftUITestsLaunchTests.swift in Sources */,
			);
			runOnlyForDeploymentPostprocessing = 0;
		};
/* End PBXSourcesBuildPhase section */

/* Begin PBXTargetDependency section */
		F5633D4D29226B6F00993DFF /* PBXTargetDependency */ = {
			isa = PBXTargetDependency;
			target = F5633D3429226B6D00993DFF /* TDD-Swift */;
			targetProxy = F5633D4C29226B6F00993DFF /* PBXContainerItemProxy */;
		};
		F5633D5729226B6F00993DFF /* PBXTargetDependency */ = {
			isa = PBXTargetDependency;
			target = F5633D3429226B6D00993DFF /* TDD-Swift */;
			targetProxy = F5633D5629226B6F00993DFF /* PBXContainerItemProxy */;
		};
/* End PBXTargetDependency section */

/* Begin PBXVariantGroup section */
		F5633D3E29226B6D00993DFF /* Main.storyboard */ = {
			isa = PBXVariantGroup;
			children = (
				F5633D3F29226B6D00993DFF /* Base */,
			);
			name = Main.storyboard;
			sourceTree = "<group>";
		};
		F5633D4329226B6F00993DFF /* LaunchScreen.storyboard */ = {
			isa = PBXVariantGroup;
			children = (
				F5633D4429226B6F00993DFF /* Base */,
			);
			name = LaunchScreen.storyboard;
			sourceTree = "<group>";
		};
/* End PBXVariantGroup section */

/* Begin XCBuildConfiguration section */
		F5633D5D29226B6F00993DFF /* Debug */ = {
			isa = XCBuildConfiguration;
			buildSettings = {
				ALWAYS_SEARCH_USER_PATHS = NO;
				CLANG_ANALYZER_NONNULL = YES;
				CLANG_ANALYZER_NUMBER_OBJECT_CONVERSION = YES_AGGRESSIVE;
				CLANG_CXX_LANGUAGE_STANDARD = "gnu++17";
				CLANG_CXX_LIBRARY = "libc++";
				CLANG_ENABLE_MODULES = YES;
				CLANG_ENABLE_OBJC_ARC = YES;
				CLANG_ENABLE_OBJC_WEAK = YES;
				CLANG_WARN_BLOCK_CAPTURE_AUTORELEASING = YES;
				CLANG_WARN_BOOL_CONVERSION = YES;
				CLANG_WARN_COMMA = YES;
				CLANG_WARN_CONSTANT_CONVERSION = YES;
				CLANG_WARN_DEPRECATED_OBJC_IMPLEMENTATIONS = YES;
				CLANG_WARN_DIRECT_OBJC_ISA_USAGE = YES_ERROR;
				CLANG_WARN_DOCUMENTATION_COMMENTS = YES;
				CLANG_WARN_EMPTY_BODY = YES;
				CLANG_WARN_ENUM_CONVERSION = YES;
				CLANG_WARN_INFINITE_RECURSION = YES;
				CLANG_WARN_INT_CONVERSION = YES;
				CLANG_WARN_NON_LITERAL_NULL_CONVERSION = YES;
				CLANG_WARN_OBJC_IMPLICIT_RETAIN_SELF = YES;
				CLANG_WARN_OBJC_LITERAL_CONVERSION = YES;
				CLANG_WARN_OBJC_ROOT_CLASS = YES_ERROR;
				CLANG_WARN_QUOTED_INCLUDE_IN_FRAMEWORK_HEADER = YES;
				CLANG_WARN_RANGE_LOOP_ANALYSIS = YES;
				CLANG_WARN_STRICT_PROTOTYPES = YES;
				CLANG_WARN_SUSPICIOUS_MOVE = YES;
				CLANG_WARN_UNGUARDED_AVAILABILITY = YES_AGGRESSIVE;
				CLANG_WARN_UNREACHABLE_CODE = YES;
				CLANG_WARN__DUPLICATE_METHOD_MATCH = YES;
				COPY_PHASE_STRIP = NO;
				DEBUG_INFORMATION_FORMAT = dwarf;
				ENABLE_STRICT_OBJC_MSGSEND = YES;
				ENABLE_TESTABILITY = YES;
				GCC_C_LANGUAGE_STANDARD = gnu11;
				GCC_DYNAMIC_NO_PIC = NO;
				GCC_NO_COMMON_BLOCKS = YES;
				GCC_OPTIMIZATION_LEVEL = 0;
				GCC_PREPROCESSOR_DEFINITIONS = (
					"DEBUG=1",
					"$(inherited)",
				);
				GCC_WARN_64_TO_32_BIT_CONVERSION = YES;
				GCC_WARN_ABOUT_RETURN_TYPE = YES_ERROR;
				GCC_WARN_UNDECLARED_SELECTOR = YES;
				GCC_WARN_UNINITIALIZED_AUTOS = YES_AGGRESSIVE;
				GCC_WARN_UNUSED_FUNCTION = YES;
				GCC_WARN_UNUSED_VARIABLE = YES;
				IPHONEOS_DEPLOYMENT_TARGET = 15.2;
				MTL_ENABLE_DEBUG_INFO = INCLUDE_SOURCE;
				MTL_FAST_MATH = YES;
				ONLY_ACTIVE_ARCH = YES;
				SDKROOT = iphoneos;
				SWIFT_ACTIVE_COMPILATION_CONDITIONS = DEBUG;
				SWIFT_OPTIMIZATION_LEVEL = "-Onone";
			};
			name = Debug;
		};
		F5633D5E29226B6F00993DFF /* Release */ = {
			isa = XCBuildConfiguration;
			buildSettings = {
				ALWAYS_SEARCH_USER_PATHS = NO;
				CLANG_ANALYZER_NONNULL = YES;
				CLANG_ANALYZER_NUMBER_OBJECT_CONVERSION = YES_AGGRESSIVE;
				CLANG_CXX_LANGUAGE_STANDARD = "gnu++17";
				CLANG_CXX_LIBRARY = "libc++";
				CLANG_ENABLE_MODULES = YES;
				CLANG_ENABLE_OBJC_ARC = YES;
				CLANG_ENABLE_OBJC_WEAK = YES;
				CLANG_WARN_BLOCK_CAPTURE_AUTORELEASING = YES;
				CLANG_WARN_BOOL_CONVERSION = YES;
				CLANG_WARN_COMMA = YES;
				CLANG_WARN_CONSTANT_CONVERSION = YES;
				CLANG_WARN_DEPRECATED_OBJC_IMPLEMENTATIONS = YES;
				CLANG_WARN_DIRECT_OBJC_ISA_USAGE = YES_ERROR;
				CLANG_WARN_DOCUMENTATION_COMMENTS = YES;
				CLANG_WARN_EMPTY_BODY = YES;
				CLANG_WARN_ENUM_CONVERSION = YES;
				CLANG_WARN_INFINITE_RECURSION = YES;
				CLANG_WARN_INT_CONVERSION = YES;
				CLANG_WARN_NON_LITERAL_NULL_CONVERSION = YES;
				CLANG_WARN_OBJC_IMPLICIT_RETAIN_SELF = YES;
				CLANG_WARN_OBJC_LITERAL_CONVERSION = YES;
				CLANG_WARN_OBJC_ROOT_CLASS = YES_ERROR;
				CLANG_WARN_QUOTED_INCLUDE_IN_FRAMEWORK_HEADER = YES;
				CLANG_WARN_RANGE_LOOP_ANALYSIS = YES;
				CLANG_WARN_STRICT_PROTOTYPES = YES;
				CLANG_WARN_SUSPICIOUS_MOVE = YES;
				CLANG_WARN_UNGUARDED_AVAILABILITY = YES_AGGRESSIVE;
				CLANG_WARN_UNREACHABLE_CODE = YES;
				CLANG_WARN__DUPLICATE_METHOD_MATCH = YES;
				COPY_PHASE_STRIP = NO;
				DEBUG_INFORMATION_FORMAT = "dwarf-with-dsym";
				ENABLE_NS_ASSERTIONS = NO;
				ENABLE_STRICT_OBJC_MSGSEND = YES;
				GCC_C_LANGUAGE_STANDARD = gnu11;
				GCC_NO_COMMON_BLOCKS = YES;
				GCC_WARN_64_TO_32_BIT_CONVERSION = YES;
				GCC_WARN_ABOUT_RETURN_TYPE = YES_ERROR;
				GCC_WARN_UNDECLARED_SELECTOR = YES;
				GCC_WARN_UNINITIALIZED_AUTOS = YES_AGGRESSIVE;
				GCC_WARN_UNUSED_FUNCTION = YES;
				GCC_WARN_UNUSED_VARIABLE = YES;
				IPHONEOS_DEPLOYMENT_TARGET = 15.2;
				MTL_ENABLE_DEBUG_INFO = NO;
				MTL_FAST_MATH = YES;
				SDKROOT = iphoneos;
				SWIFT_COMPILATION_MODE = wholemodule;
				SWIFT_OPTIMIZATION_LEVEL = "-O";
				VALIDATE_PRODUCT = YES;
			};
			name = Release;
		};
		F5633D6029226B6F00993DFF /* Debug */ = {
			isa = XCBuildConfiguration;
			buildSettings = {
				ASSETCATALOG_COMPILER_APPICON_NAME = AppIcon;
				ASSETCATALOG_COMPILER_GLOBAL_ACCENT_COLOR_NAME = AccentColor;
				CODE_SIGN_STYLE = Automatic;
				CURRENT_PROJECT_VERSION = 1;
				GENERATE_INFOPLIST_FILE = YES;
				INFOPLIST_FILE = "TDD-Swift/Info.plist";
				INFOPLIST_KEY_UIApplicationSupportsIndirectInputEvents = YES;
				INFOPLIST_KEY_UILaunchStoryboardName = LaunchScreen;
				INFOPLIST_KEY_UIMainStoryboardFile = Main;
				INFOPLIST_KEY_UISupportedInterfaceOrientations_iPad = "UIInterfaceOrientationPortrait UIInterfaceOrientationPortraitUpsideDown UIInterfaceOrientationLandscapeLeft UIInterfaceOrientationLandscapeRight";
				INFOPLIST_KEY_UISupportedInterfaceOrientations_iPhone = "UIInterfaceOrientationPortrait UIInterfaceOrientationLandscapeLeft UIInterfaceOrientationLandscapeRight";
				LD_RUNPATH_SEARCH_PATHS = (
					"$(inherited)",
					"@executable_path/Frameworks",
				);
				MARKETING_VERSION = 1.0;
				PRODUCT_BUNDLE_IDENTIFIER = "claus.TDD-Swift";
				PRODUCT_NAME = "$(TARGET_NAME)";
				SWIFT_EMIT_LOC_STRINGS = YES;
				SWIFT_VERSION = 5.0;
				TARGETED_DEVICE_FAMILY = "1,2";
			};
			name = Debug;
		};
		F5633D6129226B6F00993DFF /* Release */ = {
			isa = XCBuildConfiguration;
			buildSettings = {
				ASSETCATALOG_COMPILER_APPICON_NAME = AppIcon;
				ASSETCATALOG_COMPILER_GLOBAL_ACCENT_COLOR_NAME = AccentColor;
				CODE_SIGN_STYLE = Automatic;
				CURRENT_PROJECT_VERSION = 1;
				GENERATE_INFOPLIST_FILE = YES;
				INFOPLIST_FILE = "TDD-Swift/Info.plist";
				INFOPLIST_KEY_UIApplicationSupportsIndirectInputEvents = YES;
				INFOPLIST_KEY_UILaunchStoryboardName = LaunchScreen;
				INFOPLIST_KEY_UIMainStoryboardFile = Main;
				INFOPLIST_KEY_UISupportedInterfaceOrientations_iPad = "UIInterfaceOrientationPortrait UIInterfaceOrientationPortraitUpsideDown UIInterfaceOrientationLandscapeLeft UIInterfaceOrientationLandscapeRight";
				INFOPLIST_KEY_UISupportedInterfaceOrientations_iPhone = "UIInterfaceOrientationPortrait UIInterfaceOrientationLandscapeLeft UIInterfaceOrientationLandscapeRight";
				LD_RUNPATH_SEARCH_PATHS = (
					"$(inherited)",
					"@executable_path/Frameworks",
				);
				MARKETING_VERSION = 1.0;
				PRODUCT_BUNDLE_IDENTIFIER = "claus.TDD-Swift";
				PRODUCT_NAME = "$(TARGET_NAME)";
				SWIFT_EMIT_LOC_STRINGS = YES;
				SWIFT_VERSION = 5.0;
				TARGETED_DEVICE_FAMILY = "1,2";
			};
			name = Release;
		};
		F5633D6329226B6F00993DFF /* Debug */ = {
			isa = XCBuildConfiguration;
			buildSettings = {
				ALWAYS_EMBED_SWIFT_STANDARD_LIBRARIES = YES;
				BUNDLE_LOADER = "$(TEST_HOST)";
				CODE_SIGN_STYLE = Automatic;
				CURRENT_PROJECT_VERSION = 1;
				GENERATE_INFOPLIST_FILE = YES;
				IPHONEOS_DEPLOYMENT_TARGET = 15.2;
				MARKETING_VERSION = 1.0;
				PRODUCT_BUNDLE_IDENTIFIER = "claus.TDD-SwiftTests";
				PRODUCT_NAME = "$(TARGET_NAME)";
				SWIFT_EMIT_LOC_STRINGS = NO;
				SWIFT_VERSION = 5.0;
				TARGETED_DEVICE_FAMILY = "1,2";
				TEST_HOST = "$(BUILT_PRODUCTS_DIR)/TDD-Swift.app/TDD-Swift";
			};
			name = Debug;
		};
		F5633D6429226B6F00993DFF /* Release */ = {
			isa = XCBuildConfiguration;
			buildSettings = {
				ALWAYS_EMBED_SWIFT_STANDARD_LIBRARIES = YES;
				BUNDLE_LOADER = "$(TEST_HOST)";
				CODE_SIGN_STYLE = Automatic;
				CURRENT_PROJECT_VERSION = 1;
				GENERATE_INFOPLIST_FILE = YES;
				IPHONEOS_DEPLOYMENT_TARGET = 15.2;
				MARKETING_VERSION = 1.0;
				PRODUCT_BUNDLE_IDENTIFIER = "claus.TDD-SwiftTests";
				PRODUCT_NAME = "$(TARGET_NAME)";
				SWIFT_EMIT_LOC_STRINGS = NO;
				SWIFT_VERSION = 5.0;
				TARGETED_DEVICE_FAMILY = "1,2";
				TEST_HOST = "$(BUILT_PRODUCTS_DIR)/TDD-Swift.app/TDD-Swift";
			};
			name = Release;
		};
		F5633D6629226B6F00993DFF /* Debug */ = {
			isa = XCBuildConfiguration;
			buildSettings = {
				ALWAYS_EMBED_SWIFT_STANDARD_LIBRARIES = YES;
				CODE_SIGN_STYLE = Automatic;
				CURRENT_PROJECT_VERSION = 1;
				GENERATE_INFOPLIST_FILE = YES;
				MARKETING_VERSION = 1.0;
				PRODUCT_BUNDLE_IDENTIFIER = "claus.TDD-SwiftUITests";
				PRODUCT_NAME = "$(TARGET_NAME)";
				SWIFT_EMIT_LOC_STRINGS = NO;
				SWIFT_VERSION = 5.0;
				TARGETED_DEVICE_FAMILY = "1,2";
				TEST_TARGET_NAME = "TDD-Swift";
			};
			name = Debug;
		};
		F5633D6729226B6F00993DFF /* Release */ = {
			isa = XCBuildConfiguration;
			buildSettings = {
				ALWAYS_EMBED_SWIFT_STANDARD_LIBRARIES = YES;
				CODE_SIGN_STYLE = Automatic;
				CURRENT_PROJECT_VERSION = 1;
				GENERATE_INFOPLIST_FILE = YES;
				MARKETING_VERSION = 1.0;
				PRODUCT_BUNDLE_IDENTIFIER = "claus.TDD-SwiftUITests";
				PRODUCT_NAME = "$(TARGET_NAME)";
				SWIFT_EMIT_LOC_STRINGS = NO;
				SWIFT_VERSION = 5.0;
				TARGETED_DEVICE_FAMILY = "1,2";
				TEST_TARGET_NAME = "TDD-Swift";
			};
			name = Release;
		};
/* End XCBuildConfiguration section */

/* Begin XCConfigurationList section */
		F5633D3029226B6D00993DFF /* Build configuration list for PBXProject "TDD-Swift" */ = {
			isa = XCConfigurationList;
			buildConfigurations = (
				F5633D5D29226B6F00993DFF /* Debug */,
				F5633D5E29226B6F00993DFF /* Release */,
			);
			defaultConfigurationIsVisible = 0;
			defaultConfigurationName = Release;
		};
		F5633D5F29226B6F00993DFF /* Build configuration list for PBXNativeTarget "TDD-Swift" */ = {
			isa = XCConfigurationList;
			buildConfigurations = (
				F5633D6029226B6F00993DFF /* Debug */,
				F5633D6129226B6F00993DFF /* Release */,
			);
			defaultConfigurationIsVisible = 0;
			defaultConfigurationName = Release;
		};
		F5633D6229226B6F00993DFF /* Build configuration list for PBXNativeTarget "TDD-SwiftTests" */ = {
			isa = XCConfigurationList;
			buildConfigurations = (
				F5633D6329226B6F00993DFF /* Debug */,
				F5633D6429226B6F00993DFF /* Release */,
			);
			defaultConfigurationIsVisible = 0;
			defaultConfigurationName = Release;
		};
		F5633D6529226B6F00993DFF /* Build configuration list for PBXNativeTarget "TDD-SwiftUITests" */ = {
			isa = XCConfigurationList;
			buildConfigurations = (
				F5633D6629226B6F00993DFF /* Debug */,
				F5633D6729226B6F00993DFF /* Release */,
			);
			defaultConfigurationIsVisible = 0;
			defaultConfigurationName = Release;
		};
/* End XCConfigurationList section */
	};
	rootObject = F5633D2D29226B6D00993DFF /* Project object */;
}
